// !$*UTF8*$!
{
	archiveVersion = 1;
	classes = {
	};
	objectVersion = 46;
	objects = {

/* Begin PBXBuildFile section */
		6D556A331F21AAD800D4E4C9 /* main.m in Sources */ = {isa = PBXBuildFile; fileRef = 6D556A321F21AAD800D4E4C9 /* main.m */; };
		6D556A361F21AAD800D4E4C9 /* AppDelegate.m in Sources */ = {isa = PBXBuildFile; fileRef = 6D556A351F21AAD800D4E4C9 /* AppDelegate.m */; };
		6D556A391F21AAD800D4E4C9 /* ViewController.m in Sources */ = {isa = PBXBuildFile; fileRef = 6D556A381F21AAD800D4E4C9 /* ViewController.m */; };
		6D556A3C1F21AAD800D4E4C9 /* Main.storyboard in Resources */ = {isa = PBXBuildFile; fileRef = 6D556A3A1F21AAD800D4E4C9 /* Main.storyboard */; };
		6D556A3E1F21AAD800D4E4C9 /* Assets.xcassets in Resources */ = {isa = PBXBuildFile; fileRef = 6D556A3D1F21AAD800D4E4C9 /* Assets.xcassets */; };
		6D556A411F21AAD800D4E4C9 /* LaunchScreen.storyboard in Resources */ = {isa = PBXBuildFile; fileRef = 6D556A3F1F21AAD800D4E4C9 /* LaunchScreen.storyboard */; };
		6D556A4C1F21AAD800D4E4C9 /* NetworkRequestTestTests.m in Sources */ = {isa = PBXBuildFile; fileRef = 6D556A4B1F21AAD800D4E4C9 /* NetworkRequestTestTests.m */; };
		6D556A571F21AAD800D4E4C9 /* NetworkRequestTestUITests.m in Sources */ = {isa = PBXBuildFile; fileRef = 6D556A561F21AAD800D4E4C9 /* NetworkRequestTestUITests.m */; };
		6D556A711F21B03300D4E4C9 /* MNetRequestModel.m in Sources */ = {isa = PBXBuildFile; fileRef = 6D556A6C1F21B03300D4E4C9 /* MNetRequestModel.m */; };
		6D556A721F21B03300D4E4C9 /* MNetSetting.m in Sources */ = {isa = PBXBuildFile; fileRef = 6D556A6E1F21B03300D4E4C9 /* MNetSetting.m */; };
		6D556A731F21B03300D4E4C9 /* MNetworkUtils.m in Sources */ = {isa = PBXBuildFile; fileRef = 6D556A701F21B03300D4E4C9 /* MNetworkUtils.m */; };
		6D6403F91F57DC48004E9627 /* MBProgressHUD+MJ.m in Sources */ = {isa = PBXBuildFile; fileRef = 6D6403F71F57DC48004E9627 /* MBProgressHUD+MJ.m */; };
		6D6403FA1F57DC48004E9627 /* MBProgressHUD.bundle in Resources */ = {isa = PBXBuildFile; fileRef = 6D6403F81F57DC48004E9627 /* MBProgressHUD.bundle */; };
		F4D0BAA7D1175D563E1097B5 /* libPods-NetworkRequestTest.a in Frameworks */ = {isa = PBXBuildFile; fileRef = 4FCA8AC68AE48491EA58F735 /* libPods-NetworkRequestTest.a */; };
/* End PBXBuildFile section */

/* Begin PBXContainerItemProxy section */
		6D556A481F21AAD800D4E4C9 /* PBXContainerItemProxy */ = {
			isa = PBXContainerItemProxy;
			containerPortal = 6D556A261F21AAD800D4E4C9 /* Project object */;
			proxyType = 1;
			remoteGlobalIDString = 6D556A2D1F21AAD800D4E4C9;
			remoteInfo = NetworkRequestTest;
		};
		6D556A531F21AAD800D4E4C9 /* PBXContainerItemProxy */ = {
			isa = PBXContainerItemProxy;
			containerPortal = 6D556A261F21AAD800D4E4C9 /* Project object */;
			proxyType = 1;
			remoteGlobalIDString = 6D556A2D1F21AAD800D4E4C9;
			remoteInfo = NetworkRequestTest;
		};
/* End PBXContainerItemProxy section */

/* Begin PBXFileReference section */
		3A79D8E20CFBCCF8E376AE0C /* Pods-NetworkRequestTest.release.xcconfig */ = {isa = PBXFileReference; includeInIndex = 1; lastKnownFileType = text.xcconfig; name = "Pods-NetworkRequestTest.release.xcconfig"; path = "Pods/Target Support Files/Pods-NetworkRequestTest/Pods-NetworkRequestTest.release.xcconfig"; sourceTree = "<group>"; };
		4FCA8AC68AE48491EA58F735 /* libPods-NetworkRequestTest.a */ = {isa = PBXFileReference; explicitFileType = archive.ar; includeInIndex = 0; path = "libPods-NetworkRequestTest.a"; sourceTree = BUILT_PRODUCTS_DIR; };
		6D556A2E1F21AAD800D4E4C9 /* NetworkRequestTest.app */ = {isa = PBXFileReference; explicitFileType = wrapper.application; includeInIndex = 0; path = NetworkRequestTest.app; sourceTree = BUILT_PRODUCTS_DIR; };
		6D556A321F21AAD800D4E4C9 /* main.m */ = {isa = PBXFileReference; lastKnownFileType = sourcecode.c.objc; path = main.m; sourceTree = "<group>"; };
		6D556A341F21AAD800D4E4C9 /* AppDelegate.h */ = {isa = PBXFileReference; lastKnownFileType = sourcecode.c.h; path = AppDelegate.h; sourceTree = "<group>"; };
		6D556A351F21AAD800D4E4C9 /* AppDelegate.m */ = {isa = PBXFileReference; lastKnownFileType = sourcecode.c.objc; path = AppDelegate.m; sourceTree = "<group>"; };
		6D556A371F21AAD800D4E4C9 /* ViewController.h */ = {isa = PBXFileReference; lastKnownFileType = sourcecode.c.h; path = ViewController.h; sourceTree = "<group>"; };
		6D556A381F21AAD800D4E4C9 /* ViewController.m */ = {isa = PBXFileReference; lastKnownFileType = sourcecode.c.objc; path = ViewController.m; sourceTree = "<group>"; };
		6D556A3B1F21AAD800D4E4C9 /* Base */ = {isa = PBXFileReference; lastKnownFileType = file.storyboard; name = Base; path = Base.lproj/Main.storyboard; sourceTree = "<group>"; };
		6D556A3D1F21AAD800D4E4C9 /* Assets.xcassets */ = {isa = PBXFileReference; lastKnownFileType = folder.assetcatalog; path = Assets.xcassets; sourceTree = "<group>"; };
		6D556A401F21AAD800D4E4C9 /* Base */ = {isa = PBXFileReference; lastKnownFileType = file.storyboard; name = Base; path = Base.lproj/LaunchScreen.storyboard; sourceTree = "<group>"; };
		6D556A421F21AAD800D4E4C9 /* Info.plist */ = {isa = PBXFileReference; lastKnownFileType = text.plist.xml; path = Info.plist; sourceTree = "<group>"; };
		6D556A471F21AAD800D4E4C9 /* NetworkRequestTestTests.xctest */ = {isa = PBXFileReference; explicitFileType = wrapper.cfbundle; includeInIndex = 0; path = NetworkRequestTestTests.xctest; sourceTree = BUILT_PRODUCTS_DIR; };
		6D556A4B1F21AAD800D4E4C9 /* NetworkRequestTestTests.m */ = {isa = PBXFileReference; lastKnownFileType = sourcecode.c.objc; path = NetworkRequestTestTests.m; sourceTree = "<group>"; };
		6D556A4D1F21AAD800D4E4C9 /* Info.plist */ = {isa = PBXFileReference; lastKnownFileType = text.plist.xml; path = Info.plist; sourceTree = "<group>"; };
		6D556A521F21AAD800D4E4C9 /* NetworkRequestTestUITests.xctest */ = {isa = PBXFileReference; explicitFileType = wrapper.cfbundle; includeInIndex = 0; path = NetworkRequestTestUITests.xctest; sourceTree = BUILT_PRODUCTS_DIR; };
		6D556A561F21AAD800D4E4C9 /* NetworkRequestTestUITests.m */ = {isa = PBXFileReference; lastKnownFileType = sourcecode.c.objc; path = NetworkRequestTestUITests.m; sourceTree = "<group>"; };
		6D556A581F21AAD800D4E4C9 /* Info.plist */ = {isa = PBXFileReference; lastKnownFileType = text.plist.xml; path = Info.plist; sourceTree = "<group>"; };
		6D556A6B1F21B03300D4E4C9 /* MNetRequestModel.h */ = {isa = PBXFileReference; fileEncoding = 4; lastKnownFileType = sourcecode.c.h; path = MNetRequestModel.h; sourceTree = "<group>"; };
		6D556A6C1F21B03300D4E4C9 /* MNetRequestModel.m */ = {isa = PBXFileReference; fileEncoding = 4; lastKnownFileType = sourcecode.c.objc; path = MNetRequestModel.m; sourceTree = "<group>"; };
		6D556A6D1F21B03300D4E4C9 /* MNetSetting.h */ = {isa = PBXFileReference; fileEncoding = 4; lastKnownFileType = sourcecode.c.h; path = MNetSetting.h; sourceTree = "<group>"; };
		6D556A6E1F21B03300D4E4C9 /* MNetSetting.m */ = {isa = PBXFileReference; fileEncoding = 4; lastKnownFileType = sourcecode.c.objc; path = MNetSetting.m; sourceTree = "<group>"; };
		6D556A6F1F21B03300D4E4C9 /* MNetworkUtils.h */ = {isa = PBXFileReference; fileEncoding = 4; lastKnownFileType = sourcecode.c.h; path = MNetworkUtils.h; sourceTree = "<group>"; };
		6D556A701F21B03300D4E4C9 /* MNetworkUtils.m */ = {isa = PBXFileReference; fileEncoding = 4; lastKnownFileType = sourcecode.c.objc; path = MNetworkUtils.m; sourceTree = "<group>"; };
		6D556A741F21B05A00D4E4C9 /* PrefixHeader.pch */ = {isa = PBXFileReference; lastKnownFileType = sourcecode.c.h; path = PrefixHeader.pch; sourceTree = "<group>"; };
		6D6403F61F57DC48004E9627 /* MBProgressHUD+MJ.h */ = {isa = PBXFileReference; fileEncoding = 4; lastKnownFileType = sourcecode.c.h; path = "MBProgressHUD+MJ.h"; sourceTree = "<group>"; };
		6D6403F71F57DC48004E9627 /* MBProgressHUD+MJ.m */ = {isa = PBXFileReference; fileEncoding = 4; lastKnownFileType = sourcecode.c.objc; path = "MBProgressHUD+MJ.m"; sourceTree = "<group>"; };
		6D6403F81F57DC48004E9627 /* MBProgressHUD.bundle */ = {isa = PBXFileReference; lastKnownFileType = "wrapper.plug-in"; path = MBProgressHUD.bundle; sourceTree = "<group>"; };
		779944622D581677858F6281 /* Pods-NetworkRequestTest.debug.xcconfig */ = {isa = PBXFileReference; includeInIndex = 1; lastKnownFileType = text.xcconfig; name = "Pods-NetworkRequestTest.debug.xcconfig"; path = "Pods/Target Support Files/Pods-NetworkRequestTest/Pods-NetworkRequestTest.debug.xcconfig"; sourceTree = "<group>"; };
/* End PBXFileReference section */

/* Begin PBXFrameworksBuildPhase section */
		6D556A2B1F21AAD800D4E4C9 /* Frameworks */ = {
			isa = PBXFrameworksBuildPhase;
			buildActionMask = 2147483647;
			files = (
				F4D0BAA7D1175D563E1097B5 /* libPods-NetworkRequestTest.a in Frameworks */,
			);
			runOnlyForDeploymentPostprocessing = 0;
		};
		6D556A441F21AAD800D4E4C9 /* Frameworks */ = {
			isa = PBXFrameworksBuildPhase;
			buildActionMask = 2147483647;
			files = (
			);
			runOnlyForDeploymentPostprocessing = 0;
		};
		6D556A4F1F21AAD800D4E4C9 /* Frameworks */ = {
			isa = PBXFrameworksBuildPhase;
			buildActionMask = 2147483647;
			files = (
			);
			runOnlyForDeploymentPostprocessing = 0;
		};
/* End PBXFrameworksBuildPhase section */

/* Begin PBXGroup section */
		4E464B9B166FA155173360D4 /* Frameworks */ = {
			isa = PBXGroup;
			children = (
				4FCA8AC68AE48491EA58F735 /* libPods-NetworkRequestTest.a */,
			);
			name = Frameworks;
			sourceTree = "<group>";
		};
		642B845C9E3ADDC6A0F11191 /* Pods */ = {
			isa = PBXGroup;
			children = (
				779944622D581677858F6281 /* Pods-NetworkRequestTest.debug.xcconfig */,
				3A79D8E20CFBCCF8E376AE0C /* Pods-NetworkRequestTest.release.xcconfig */,
			);
			name = Pods;
			sourceTree = "<group>";
		};
		6D556A251F21AAD800D4E4C9 = {
			isa = PBXGroup;
			children = (
				6D556A301F21AAD800D4E4C9 /* NetworkRequestTest */,
				6D556A4A1F21AAD800D4E4C9 /* NetworkRequestTestTests */,
				6D556A551F21AAD800D4E4C9 /* NetworkRequestTestUITests */,
				6D556A2F1F21AAD800D4E4C9 /* Products */,
				642B845C9E3ADDC6A0F11191 /* Pods */,
				4E464B9B166FA155173360D4 /* Frameworks */,
			);
			sourceTree = "<group>";
		};
		6D556A2F1F21AAD800D4E4C9 /* Products */ = {
			isa = PBXGroup;
			children = (
				6D556A2E1F21AAD800D4E4C9 /* NetworkRequestTest.app */,
				6D556A471F21AAD800D4E4C9 /* NetworkRequestTestTests.xctest */,
				6D556A521F21AAD800D4E4C9 /* NetworkRequestTestUITests.xctest */,
			);
			name = Products;
			sourceTree = "<group>";
		};
		6D556A301F21AAD800D4E4C9 /* NetworkRequestTest */ = {
			isa = PBXGroup;
			children = (
				6D556A6A1F21B03300D4E4C9 /* 网络请求 */,
				6D556A341F21AAD800D4E4C9 /* AppDelegate.h */,
				6D556A351F21AAD800D4E4C9 /* AppDelegate.m */,
				6D556A371F21AAD800D4E4C9 /* ViewController.h */,
				6D556A381F21AAD800D4E4C9 /* ViewController.m */,
				6D556A3A1F21AAD800D4E4C9 /* Main.storyboard */,
				6D556A3D1F21AAD800D4E4C9 /* Assets.xcassets */,
				6D556A3F1F21AAD800D4E4C9 /* LaunchScreen.storyboard */,
				6D556A421F21AAD800D4E4C9 /* Info.plist */,
				6D556A311F21AAD800D4E4C9 /* Supporting Files */,
				6D556A741F21B05A00D4E4C9 /* PrefixHeader.pch */,
			);
			path = NetworkRequestTest;
			sourceTree = "<group>";
		};
		6D556A311F21AAD800D4E4C9 /* Supporting Files */ = {
			isa = PBXGroup;
			children = (
				6D556A321F21AAD800D4E4C9 /* main.m */,
			);
			name = "Supporting Files";
			sourceTree = "<group>";
		};
		6D556A4A1F21AAD800D4E4C9 /* NetworkRequestTestTests */ = {
			isa = PBXGroup;
			children = (
				6D556A4B1F21AAD800D4E4C9 /* NetworkRequestTestTests.m */,
				6D556A4D1F21AAD800D4E4C9 /* Info.plist */,
			);
			path = NetworkRequestTestTests;
			sourceTree = "<group>";
		};
		6D556A551F21AAD800D4E4C9 /* NetworkRequestTestUITests */ = {
			isa = PBXGroup;
			children = (
				6D556A561F21AAD800D4E4C9 /* NetworkRequestTestUITests.m */,
				6D556A581F21AAD800D4E4C9 /* Info.plist */,
			);
			path = NetworkRequestTestUITests;
			sourceTree = "<group>";
		};
		6D556A6A1F21B03300D4E4C9 /* 网络请求 */ = {
			isa = PBXGroup;
			children = (
				6D6403F51F57DC48004E9627 /* MBProgressHUD */,
				6D556A6D1F21B03300D4E4C9 /* MNetSetting.h */,
				6D556A6E1F21B03300D4E4C9 /* MNetSetting.m */,
				6D556A6B1F21B03300D4E4C9 /* MNetRequestModel.h */,
				6D556A6C1F21B03300D4E4C9 /* MNetRequestModel.m */,
				6D556A6F1F21B03300D4E4C9 /* MNetworkUtils.h */,
				6D556A701F21B03300D4E4C9 /* MNetworkUtils.m */,
			);
			path = "网络请求";
			sourceTree = "<group>";
		};
		6D6403F51F57DC48004E9627 /* MBProgressHUD */ = {
			isa = PBXGroup;
			children = (
				6D6403F61F57DC48004E9627 /* MBProgressHUD+MJ.h */,
				6D6403F71F57DC48004E9627 /* MBProgressHUD+MJ.m */,
				6D6403F81F57DC48004E9627 /* MBProgressHUD.bundle */,
			);
			path = MBProgressHUD;
			sourceTree = "<group>";
		};
/* End PBXGroup section */

/* Begin PBXNativeTarget section */
		6D556A2D1F21AAD800D4E4C9 /* NetworkRequestTest */ = {
			isa = PBXNativeTarget;
			buildConfigurationList = 6D556A5B1F21AAD800D4E4C9 /* Build configuration list for PBXNativeTarget "NetworkRequestTest" */;
			buildPhases = (
				8A0A7E79E7A168BC5280D405 /* [CP] Check Pods Manifest.lock */,
				6D556A2A1F21AAD800D4E4C9 /* Sources */,
				6D556A2B1F21AAD800D4E4C9 /* Frameworks */,
				6D556A2C1F21AAD800D4E4C9 /* Resources */,
				9B7577492594354DBAD7CACC /* [CP] Embed Pods Frameworks */,
				E4D6D5447045E007E9CC261C /* [CP] Copy Pods Resources */,
			);
			buildRules = (
			);
			dependencies = (
			);
			name = NetworkRequestTest;
			productName = NetworkRequestTest;
			productReference = 6D556A2E1F21AAD800D4E4C9 /* NetworkRequestTest.app */;
			productType = "com.apple.product-type.application";
		};
		6D556A461F21AAD800D4E4C9 /* NetworkRequestTestTests */ = {
			isa = PBXNativeTarget;
			buildConfigurationList = 6D556A5E1F21AAD800D4E4C9 /* Build configuration list for PBXNativeTarget "NetworkRequestTestTests" */;
			buildPhases = (
				6D556A431F21AAD800D4E4C9 /* Sources */,
				6D556A441F21AAD800D4E4C9 /* Frameworks */,
				6D556A451F21AAD800D4E4C9 /* Resources */,
			);
			buildRules = (
			);
			dependencies = (
				6D556A491F21AAD800D4E4C9 /* PBXTargetDependency */,
			);
			name = NetworkRequestTestTests;
			productName = NetworkRequestTestTests;
			productReference = 6D556A471F21AAD800D4E4C9 /* NetworkRequestTestTests.xctest */;
			productType = "com.apple.product-type.bundle.unit-test";
		};
		6D556A511F21AAD800D4E4C9 /* NetworkRequestTestUITests */ = {
			isa = PBXNativeTarget;
			buildConfigurationList = 6D556A611F21AAD800D4E4C9 /* Build configuration list for PBXNativeTarget "NetworkRequestTestUITests" */;
			buildPhases = (
				6D556A4E1F21AAD800D4E4C9 /* Sources */,
				6D556A4F1F21AAD800D4E4C9 /* Frameworks */,
				6D556A501F21AAD800D4E4C9 /* Resources */,
			);
			buildRules = (
			);
			dependencies = (
				6D556A541F21AAD800D4E4C9 /* PBXTargetDependency */,
			);
			name = NetworkRequestTestUITests;
			productName = NetworkRequestTestUITests;
			productReference = 6D556A521F21AAD800D4E4C9 /* NetworkRequestTestUITests.xctest */;
			productType = "com.apple.product-type.bundle.ui-testing";
		};
/* End PBXNativeTarget section */

/* Begin PBXProject section */
		6D556A261F21AAD800D4E4C9 /* Project object */ = {
			isa = PBXProject;
			attributes = {
				LastUpgradeCheck = 0830;
				ORGANIZATIONNAME = Magic;
				TargetAttributes = {
					6D556A2D1F21AAD800D4E4C9 = {
						CreatedOnToolsVersion = 8.3.3;
						ProvisioningStyle = Automatic;
					};
					6D556A461F21AAD800D4E4C9 = {
						CreatedOnToolsVersion = 8.3.3;
						ProvisioningStyle = Automatic;
						TestTargetID = 6D556A2D1F21AAD800D4E4C9;
					};
					6D556A511F21AAD800D4E4C9 = {
						CreatedOnToolsVersion = 8.3.3;
						ProvisioningStyle = Automatic;
						TestTargetID = 6D556A2D1F21AAD800D4E4C9;
					};
				};
			};
			buildConfigurationList = 6D556A291F21AAD800D4E4C9 /* Build configuration list for PBXProject "NetworkRequestTest" */;
			compatibilityVersion = "Xcode 3.2";
			developmentRegion = English;
			hasScannedForEncodings = 0;
			knownRegions = (
				en,
				Base,
			);
			mainGroup = 6D556A251F21AAD800D4E4C9;
			productRefGroup = 6D556A2F1F21AAD800D4E4C9 /* Products */;
			projectDirPath = "";
			projectRoot = "";
			targets = (
				6D556A2D1F21AAD800D4E4C9 /* NetworkRequestTest */,
				6D556A461F21AAD800D4E4C9 /* NetworkRequestTestTests */,
				6D556A511F21AAD800D4E4C9 /* NetworkRequestTestUITests */,
			);
		};
/* End PBXProject section */

/* Begin PBXResourcesBuildPhase section */
		6D556A2C1F21AAD800D4E4C9 /* Resources */ = {
			isa = PBXResourcesBuildPhase;
			buildActionMask = 2147483647;
			files = (
				6D556A411F21AAD800D4E4C9 /* LaunchScreen.storyboard in Resources */,
				6D6403FA1F57DC48004E9627 /* MBProgressHUD.bundle in Resources */,
				6D556A3E1F21AAD800D4E4C9 /* Assets.xcassets in Resources */,
				6D556A3C1F21AAD800D4E4C9 /* Main.storyboard in Resources */,
			);
			runOnlyForDeploymentPostprocessing = 0;
		};
		6D556A451F21AAD800D4E4C9 /* Resources */ = {
			isa = PBXResourcesBuildPhase;
			buildActionMask = 2147483647;
			files = (
			);
			runOnlyForDeploymentPostprocessing = 0;
		};
		6D556A501F21AAD800D4E4C9 /* Resources */ = {
			isa = PBXResourcesBuildPhase;
			buildActionMask = 2147483647;
			files = (
			);
			runOnlyForDeploymentPostprocessing = 0;
		};
/* End PBXResourcesBuildPhase section */

/* Begin PBXShellScriptBuildPhase section */
		8A0A7E79E7A168BC5280D405 /* [CP] Check Pods Manifest.lock */ = {
			isa = PBXShellScriptBuildPhase;
			buildActionMask = 2147483647;
			files = (
			);
			inputPaths = (
			);
			name = "[CP] Check Pods Manifest.lock";
			outputPaths = (
			);
			runOnlyForDeploymentPostprocessing = 0;
			shellPath = /bin/sh;
			shellScript = "diff \"${PODS_ROOT}/../Podfile.lock\" \"${PODS_ROOT}/Manifest.lock\" > /dev/null\nif [ $? != 0 ] ; then\n    # print error to STDERR\n    echo \"error: The sandbox is not in sync with the Podfile.lock. Run 'pod install' or update your CocoaPods installation.\" >&2\n    exit 1\nfi\n";
			showEnvVarsInLog = 0;
		};
		9B7577492594354DBAD7CACC /* [CP] Embed Pods Frameworks */ = {
			isa = PBXShellScriptBuildPhase;
			buildActionMask = 2147483647;
			files = (
			);
			inputPaths = (
			);
			name = "[CP] Embed Pods Frameworks";
			outputPaths = (
			);
			runOnlyForDeploymentPostprocessing = 0;
			shellPath = /bin/sh;
			shellScript = "\"${SRCROOT}/Pods/Target Support Files/Pods-NetworkRequestTest/Pods-NetworkRequestTest-frameworks.sh\"\n";
			showEnvVarsInLog = 0;
		};
		E4D6D5447045E007E9CC261C /* [CP] Copy Pods Resources */ = {
			isa = PBXShellScriptBuildPhase;
			buildActionMask = 2147483647;
			files = (
			);
			inputPaths = (
			);
			name = "[CP] Copy Pods Resources";
			outputPaths = (
			);
			runOnlyForDeploymentPostprocessing = 0;
			shellPath = /bin/sh;
			shellScript = "\"${SRCROOT}/Pods/Target Support Files/Pods-NetworkRequestTest/Pods-NetworkRequestTest-resources.sh\"\n";
			showEnvVarsInLog = 0;
		};
/* End PBXShellScriptBuildPhase section */

/* Begin PBXSourcesBuildPhase section */
		6D556A2A1F21AAD800D4E4C9 /* Sources */ = {
			isa = PBXSourcesBuildPhase;
			buildActionMask = 2147483647;
			files = (
				6D556A391F21AAD800D4E4C9 /* ViewController.m in Sources */,
				6D556A721F21B03300D4E4C9 /* MNetSetting.m in Sources */,
				6D556A711F21B03300D4E4C9 /* MNetRequestModel.m in Sources */,
				6D556A361F21AAD800D4E4C9 /* AppDelegate.m in Sources */,
				6D6403F91F57DC48004E9627 /* MBProgressHUD+MJ.m in Sources */,
				6D556A331F21AAD800D4E4C9 /* main.m in Sources */,
				6D556A731F21B03300D4E4C9 /* MNetworkUtils.m in Sources */,
			);
			runOnlyForDeploymentPostprocessing = 0;
		};
		6D556A431F21AAD800D4E4C9 /* Sources */ = {
			isa = PBXSourcesBuildPhase;
			buildActionMask = 2147483647;
			files = (
				6D556A4C1F21AAD800D4E4C9 /* NetworkRequestTestTests.m in Sources */,
			);
			runOnlyForDeploymentPostprocessing = 0;
		};
		6D556A4E1F21AAD800D4E4C9 /* Sources */ = {
			isa = PBXSourcesBuildPhase;
			buildActionMask = 2147483647;
			files = (
				6D556A571F21AAD800D4E4C9 /* NetworkRequestTestUITests.m in Sources */,
			);
			runOnlyForDeploymentPostprocessing = 0;
		};
/* End PBXSourcesBuildPhase section */

/* Begin PBXTargetDependency section */
		6D556A491F21AAD800D4E4C9 /* PBXTargetDependency */ = {
			isa = PBXTargetDependency;
			target = 6D556A2D1F21AAD800D4E4C9 /* NetworkRequestTest */;
			targetProxy = 6D556A481F21AAD800D4E4C9 /* PBXContainerItemProxy */;
		};
		6D556A541F21AAD800D4E4C9 /* PBXTargetDependency */ = {
			isa = PBXTargetDependency;
			target = 6D556A2D1F21AAD800D4E4C9 /* NetworkRequestTest */;
			targetProxy = 6D556A531F21AAD800D4E4C9 /* PBXContainerItemProxy */;
		};
/* End PBXTargetDependency section */

/* Begin PBXVariantGroup section */
		6D556A3A1F21AAD800D4E4C9 /* Main.storyboard */ = {
			isa = PBXVariantGroup;
			children = (
				6D556A3B1F21AAD800D4E4C9 /* Base */,
			);
			name = Main.storyboard;
			sourceTree = "<group>";
		};
		6D556A3F1F21AAD800D4E4C9 /* LaunchScreen.storyboard */ = {
			isa = PBXVariantGroup;
			children = (
				6D556A401F21AAD800D4E4C9 /* Base */,
			);
			name = LaunchScreen.storyboard;
			sourceTree = "<group>";
		};
/* End PBXVariantGroup section */

/* Begin XCBuildConfiguration section */
		6D556A591F21AAD800D4E4C9 /* Debug */ = {
			isa = XCBuildConfiguration;
			buildSettings = {
				ALWAYS_SEARCH_USER_PATHS = NO;
				CLANG_ANALYZER_NONNULL = YES;
				CLANG_ANALYZER_NUMBER_OBJECT_CONVERSION = YES_AGGRESSIVE;
				CLANG_CXX_LANGUAGE_STANDARD = "gnu++0x";
				CLANG_CXX_LIBRARY = "libc++";
				CLANG_ENABLE_MODULES = YES;
				CLANG_ENABLE_OBJC_ARC = YES;
				CLANG_WARN_BOOL_CONVERSION = YES;
				CLANG_WARN_CONSTANT_CONVERSION = YES;
				CLANG_WARN_DIRECT_OBJC_ISA_USAGE = YES_ERROR;
				CLANG_WARN_DOCUMENTATION_COMMENTS = YES;
				CLANG_WARN_EMPTY_BODY = YES;
				CLANG_WARN_ENUM_CONVERSION = YES;
				CLANG_WARN_INFINITE_RECURSION = YES;
				CLANG_WARN_INT_CONVERSION = YES;
				CLANG_WARN_OBJC_ROOT_CLASS = YES_ERROR;
				CLANG_WARN_SUSPICIOUS_MOVE = YES;
				CLANG_WARN_UNREACHABLE_CODE = YES;
				CLANG_WARN__DUPLICATE_METHOD_MATCH = YES;
				"CODE_SIGN_IDENTITY[sdk=iphoneos*]" = "iPhone Developer";
				COPY_PHASE_STRIP = NO;
				DEBUG_INFORMATION_FORMAT = dwarf;
				ENABLE_STRICT_OBJC_MSGSEND = YES;
				ENABLE_TESTABILITY = YES;
				GCC_C_LANGUAGE_STANDARD = gnu99;
				GCC_DYNAMIC_NO_PIC = NO;
				GCC_NO_COMMON_BLOCKS = YES;
				GCC_OPTIMIZATION_LEVEL = 0;
				GCC_PREPROCESSOR_DEFINITIONS = (
					"DEBUG=1",
					"$(inherited)",
				);
				GCC_WARN_64_TO_32_BIT_CONVERSION = YES;
				GCC_WARN_ABOUT_RETURN_TYPE = YES_ERROR;
				GCC_WARN_UNDECLARED_SELECTOR = YES;
				GCC_WARN_UNINITIALIZED_AUTOS = YES_AGGRESSIVE;
				GCC_WARN_UNUSED_FUNCTION = YES;
				GCC_WARN_UNUSED_VARIABLE = YES;
				IPHONEOS_DEPLOYMENT_TARGET = 10.3;
				MTL_ENABLE_DEBUG_INFO = YES;
				ONLY_ACTIVE_ARCH = YES;
				SDKROOT = iphoneos;
			};
			name = Debug;
		};
		6D556A5A1F21AAD800D4E4C9 /* Release */ = {
			isa = XCBuildConfiguration;
			buildSettings = {
				ALWAYS_SEARCH_USER_PATHS = NO;
				CLANG_ANALYZER_NONNULL = YES;
				CLANG_ANALYZER_NUMBER_OBJECT_CONVERSION = YES_AGGRESSIVE;
				CLANG_CXX_LANGUAGE_STANDARD = "gnu++0x";
				CLANG_CXX_LIBRARY = "libc++";
				CLANG_ENABLE_MODULES = YES;
				CLANG_ENABLE_OBJC_ARC = YES;
				CLANG_WARN_BOOL_CONVERSION = YES;
				CLANG_WARN_CONSTANT_CONVERSION = YES;
				CLANG_WARN_DIRECT_OBJC_ISA_USAGE = YES_ERROR;
				CLANG_WARN_DOCUMENTATION_COMMENTS = YES;
				CLANG_WARN_EMPTY_BODY = YES;
				CLANG_WARN_ENUM_CONVERSION = YES;
				CLANG_WARN_INFINITE_RECURSION = YES;
				CLANG_WARN_INT_CONVERSION = YES;
				CLANG_WARN_OBJC_ROOT_CLASS = YES_ERROR;
				CLANG_WARN_SUSPICIOUS_MOVE = YES;
				CLANG_WARN_UNREACHABLE_CODE = YES;
				CLANG_WARN__DUPLICATE_METHOD_MATCH = YES;
				"CODE_SIGN_IDENTITY[sdk=iphoneos*]" = "iPhone Developer";
				COPY_PHASE_STRIP = NO;
				DEBUG_INFORMATION_FORMAT = "dwarf-with-dsym";
				ENABLE_NS_ASSERTIONS = NO;
				ENABLE_STRICT_OBJC_MSGSEND = YES;
				GCC_C_LANGUAGE_STANDARD = gnu99;
				GCC_NO_COMMON_BLOCKS = YES;
				GCC_WARN_64_TO_32_BIT_CONVERSION = YES;
				GCC_WARN_ABOUT_RETURN_TYPE = YES_ERROR;
				GCC_WARN_UNDECLARED_SELECTOR = YES;
				GCC_WARN_UNINITIALIZED_AUTOS = YES_AGGRESSIVE;
				GCC_WARN_UNUSED_FUNCTION = YES;
				GCC_WARN_UNUSED_VARIABLE = YES;
				IPHONEOS_DEPLOYMENT_TARGET = 10.3;
				MTL_ENABLE_DEBUG_INFO = NO;
				SDKROOT = iphoneos;
				VALIDATE_PRODUCT = YES;
			};
			name = Release;
		};
		6D556A5C1F21AAD800D4E4C9 /* Debug */ = {
			isa = XCBuildConfiguration;
			baseConfigurationReference = 779944622D581677858F6281 /* Pods-NetworkRequestTest.debug.xcconfig */;
			buildSettings = {
				ASSETCATALOG_COMPILER_APPICON_NAME = AppIcon;
				GCC_PRECOMPILE_PREFIX_HEADER = YES;
				GCC_PREFIX_HEADER = "$(SRCROOT)/NetworkRequestTest/PrefixHeader.pch";
				INFOPLIST_FILE = NetworkRequestTest/Info.plist;
				IPHONEOS_DEPLOYMENT_TARGET = 8.0;
				LD_RUNPATH_SEARCH_PATHS = "$(inherited) @executable_path/Frameworks";
				PRODUCT_BUNDLE_IDENTIFIER = com.magic.NetworkRequestTest;
				PRODUCT_NAME = "$(TARGET_NAME)";
			};
			name = Debug;
		};
		6D556A5D1F21AAD800D4E4C9 /* Release */ = {
			isa = XCBuildConfiguration;
			baseConfigurationReference = 3A79D8E20CFBCCF8E376AE0C /* Pods-NetworkRequestTest.release.xcconfig */;
			buildSettings = {
				ASSETCATALOG_COMPILER_APPICON_NAME = AppIcon;
				GCC_PRECOMPILE_PREFIX_HEADER = YES;
				GCC_PREFIX_HEADER = "$(SRCROOT)/NetworkRequestTest/PrefixHeader.pch";
				INFOPLIST_FILE = NetworkRequestTest/Info.plist;
				IPHONEOS_DEPLOYMENT_TARGET = 8.0;
				LD_RUNPATH_SEARCH_PATHS = "$(inherited) @executable_path/Frameworks";
				PRODUCT_BUNDLE_IDENTIFIER = com.magic.NetworkRequestTest;
				PRODUCT_NAME = "$(TARGET_NAME)";
			};
			name = Release;
		};
		6D556A5F1F21AAD800D4E4C9 /* Debug */ = {
			isa = XCBuildConfiguration;
			buildSettings = {
				BUNDLE_LOADER = "$(TEST_HOST)";
				INFOPLIST_FILE = NetworkRequestTestTests/Info.plist;
				LD_RUNPATH_SEARCH_PATHS = "$(inherited) @executable_path/Frameworks @loader_path/Frameworks";
				PRODUCT_BUNDLE_IDENTIFIER = com.magic.NetworkRequestTestTests;
				PRODUCT_NAME = "$(TARGET_NAME)";
				TEST_HOST = "$(BUILT_PRODUCTS_DIR)/NetworkRequestTest.app/NetworkRequestTest";
			};
			name = Debug;
		};
		6D556A601F21AAD800D4E4C9 /* Release */ = {
			isa = XCBuildConfiguration;
			buildSettings = {
				BUNDLE_LOADER = "$(TEST_HOST)";
				INFOPLIST_FILE = NetworkRequestTestTests/Info.plist;
				LD_RUNPATH_SEARCH_PATHS = "$(inherited) @executable_path/Frameworks @loader_path/Frameworks";
				PRODUCT_BUNDLE_IDENTIFIER = com.magic.NetworkRequestTestTests;
				PRODUCT_NAME = "$(TARGET_NAME)";
				TEST_HOST = "$(BUILT_PRODUCTS_DIR)/NetworkRequestTest.app/NetworkRequestTest";
			};
			name = Release;
		};
		6D556A621F21AAD800D4E4C9 /* Debug */ = {
			isa = XCBuildConfiguration;
			buildSettings = {
				INFOPLIST_FILE = NetworkRequestTestUITests/Info.plist;
				LD_RUNPATH_SEARCH_PATHS = "$(inherited) @executable_path/Frameworks @loader_path/Frameworks";
				PRODUCT_BUNDLE_IDENTIFIER = com.magic.NetworkRequestTestUITests;
				PRODUCT_NAME = "$(TARGET_NAME)";
				TEST_TARGET_NAME = NetworkRequestTest;
			};
			name = Debug;
		};
		6D556A631F21AAD800D4E4C9 /* Release */ = {
			isa = XCBuildConfiguration;
			buildSettings = {
				INFOPLIST_FILE = NetworkRequestTestUITests/Info.plist;
				LD_RUNPATH_SEARCH_PATHS = "$(inherited) @executable_path/Frameworks @loader_path/Frameworks";
				PRODUCT_BUNDLE_IDENTIFIER = com.magic.NetworkRequestTestUITests;
				PRODUCT_NAME = "$(TARGET_NAME)";
				TEST_TARGET_NAME = NetworkRequestTest;
			};
			name = Release;
		};
/* End XCBuildConfiguration section */

/* Begin XCConfigurationList section */
		6D556A291F21AAD800D4E4C9 /* Build configuration list for PBXProject "NetworkRequestTest" */ = {
			isa = XCConfigurationList;
			buildConfigurations = (
				6D556A591F21AAD800D4E4C9 /* Debug */,
				6D556A5A1F21AAD800D4E4C9 /* Release */,
			);
			defaultConfigurationIsVisible = 0;
			defaultConfigurationName = Release;
		};
		6D556A5B1F21AAD800D4E4C9 /* Build configuration list for PBXNativeTarget "NetworkRequestTest" */ = {
			isa = XCConfigurationList;
			buildConfigurations = (
				6D556A5C1F21AAD800D4E4C9 /* Debug */,
				6D556A5D1F21AAD800D4E4C9 /* Release */,
			);
			defaultConfigurationIsVisible = 0;
			defaultConfigurationName = Release;
		};
		6D556A5E1F21AAD800D4E4C9 /* Build configuration list for PBXNativeTarget "NetworkRequestTestTests" */ = {
			isa = XCConfigurationList;
			buildConfigurations = (
				6D556A5F1F21AAD800D4E4C9 /* Debug */,
				6D556A601F21AAD800D4E4C9 /* Release */,
			);
			defaultConfigurationIsVisible = 0;
			defaultConfigurationName = Release;
		};
		6D556A611F21AAD800D4E4C9 /* Build configuration list for PBXNativeTarget "NetworkRequestTestUITests" */ = {
			isa = XCConfigurationList;
			buildConfigurations = (
				6D556A621F21AAD800D4E4C9 /* Debug */,
				6D556A631F21AAD800D4E4C9 /* Release */,
			);
			defaultConfigurationIsVisible = 0;
			defaultConfigurationName = Release;
		};
/* End XCConfigurationList section */
	};
	rootObject = 6D556A261F21AAD800D4E4C9 /* Project object */;
}
